{
  "name": "00._Miscallaneous",
  "lockfileVersion": 3,
  "requires": true,
  "packages": {
    "": {
      "dependencies": {
        "collect.js": "^4.34.3"
      }
    },
    "node_modules/collect.js": {
      "version": "4.34.3",
      "resolved": "https://registry.npmjs.org/collect.js/-/collect.js-4.34.3.tgz",
      "integrity": "sha512-aFr67xDazPwthsGm729mnClgNuh15JEagU6McKBKqxuHOkWL7vMFzGbhsXDdPZ+H6ia5QKIMGYuGOMENBHnVpg=="
    }
  }
}
